// !$*UTF8*$!
{
	archiveVersion = 1;
	classes = {
	};
	objectVersion = 48;
	objects = {

/* Begin PBXBuildFile section */
		CE9745312C4BE9FE4B98C079 /* Pods_RAC.framework in Frameworks */ = {isa = PBXBuildFile; fileRef = D7E904CF66696D7DF69F6BF9 /* Pods_RAC.framework */; };
		F180DA03209D9BA70053A37B /* AppDelegate.m in Sources */ = {isa = PBXBuildFile; fileRef = F180DA02209D9BA70053A37B /* AppDelegate.m */; };
		F180DA06209D9BA70053A37B /* ViewController.m in Sources */ = {isa = PBXBuildFile; fileRef = F180DA05209D9BA70053A37B /* ViewController.m */; };
		F180DA09209D9BA70053A37B /* Main.storyboard in Resources */ = {isa = PBXBuildFile; fileRef = F180DA07209D9BA70053A37B /* Main.storyboard */; };
		F180DA0B209D9BA80053A37B /* Assets.xcassets in Resources */ = {isa = PBXBuildFile; fileRef = F180DA0A209D9BA80053A37B /* Assets.xcassets */; };
		F180DA0E209D9BA80053A37B /* LaunchScreen.storyboard in Resources */ = {isa = PBXBuildFile; fileRef = F180DA0C209D9BA80053A37B /* LaunchScreen.storyboard */; };
		F180DA11209D9BA80053A37B /* main.m in Sources */ = {isa = PBXBuildFile; fileRef = F180DA10209D9BA80053A37B /* main.m */; };
		F180DA18209DAA610053A37B /* RSRacOperations.m in Sources */ = {isa = PBXBuildFile; fileRef = F180DA17209DAA610053A37B /* RSRacOperations.m */; };
/* End PBXBuildFile section */

/* Begin PBXFileReference section */
		45D25013D9B5875A784C55A8 /* Pods-RAC.release.xcconfig */ = {isa = PBXFileReference; includeInIndex = 1; lastKnownFileType = text.xcconfig; name = "Pods-RAC.release.xcconfig"; path = "Pods/Target Support Files/Pods-RAC/Pods-RAC.release.xcconfig"; sourceTree = "<group>"; };
		D7E904CF66696D7DF69F6BF9 /* Pods_RAC.framework */ = {isa = PBXFileReference; explicitFileType = wrapper.framework; includeInIndex = 0; path = Pods_RAC.framework; sourceTree = BUILT_PRODUCTS_DIR; };
		F180D9FF209D9BA70053A37B /* RAC.app */ = {isa = PBXFileReference; explicitFileType = wrapper.application; includeInIndex = 0; path = RAC.app; sourceTree = BUILT_PRODUCTS_DIR; };
		F180DA01209D9BA70053A37B /* AppDelegate.h */ = {isa = PBXFileReference; lastKnownFileType = sourcecode.c.h; path = AppDelegate.h; sourceTree = "<group>"; };
		F180DA02209D9BA70053A37B /* AppDelegate.m */ = {isa = PBXFileReference; lastKnownFileType = sourcecode.c.objc; path = AppDelegate.m; sourceTree = "<group>"; };
		F180DA04209D9BA70053A37B /* ViewController.h */ = {isa = PBXFileReference; lastKnownFileType = sourcecode.c.h; path = ViewController.h; sourceTree = "<group>"; };
		F180DA05209D9BA70053A37B /* ViewController.m */ = {isa = PBXFileReference; lastKnownFileType = sourcecode.c.objc; path = ViewController.m; sourceTree = "<group>"; };
		F180DA08209D9BA70053A37B /* Base */ = {isa = PBXFileReference; lastKnownFileType = file.storyboard; name = Base; path = Base.lproj/Main.storyboard; sourceTree = "<group>"; };
		F180DA0A209D9BA80053A37B /* Assets.xcassets */ = {isa = PBXFileReference; lastKnownFileType = folder.assetcatalog; path = Assets.xcassets; sourceTree = "<group>"; };
		F180DA0D209D9BA80053A37B /* Base */ = {isa = PBXFileReference; lastKnownFileType = file.storyboard; name = Base; path = Base.lproj/LaunchScreen.storyboard; sourceTree = "<group>"; };
		F180DA0F209D9BA80053A37B /* Info.plist */ = {isa = PBXFileReference; lastKnownFileType = text.plist.xml; path = Info.plist; sourceTree = "<group>"; };
		F180DA10209D9BA80053A37B /* main.m */ = {isa = PBXFileReference; lastKnownFileType = sourcecode.c.objc; path = main.m; sourceTree = "<group>"; };
		F180DA16209DAA610053A37B /* RSRacOperations.h */ = {isa = PBXFileReference; lastKnownFileType = sourcecode.c.h; path = RSRacOperations.h; sourceTree = "<group>"; };
		F180DA17209DAA610053A37B /* RSRacOperations.m */ = {isa = PBXFileReference; lastKnownFileType = sourcecode.c.objc; path = RSRacOperations.m; sourceTree = "<group>"; };
		F919520A2104E1D9EE22BD26 /* Pods-RAC.debug.xcconfig */ = {isa = PBXFileReference; includeInIndex = 1; lastKnownFileType = text.xcconfig; name = "Pods-RAC.debug.xcconfig"; path = "Pods/Target Support Files/Pods-RAC/Pods-RAC.debug.xcconfig"; sourceTree = "<group>"; };
/* End PBXFileReference section */

/* Begin PBXFrameworksBuildPhase section */
		F180D9FC209D9BA70053A37B /* Frameworks */ = {
			isa = PBXFrameworksBuildPhase;
			buildActionMask = 2147483647;
			files = (
				CE9745312C4BE9FE4B98C079 /* Pods_RAC.framework in Frameworks */,
			);
			runOnlyForDeploymentPostprocessing = 0;
		};
/* End PBXFrameworksBuildPhase section */

/* Begin PBXGroup section */
		6A46A2B3D99BD4F71F7B8EA3 /* Frameworks */ = {
			isa = PBXGroup;
			children = (
				D7E904CF66696D7DF69F6BF9 /* Pods_RAC.framework */,
			);
			name = Frameworks;
			sourceTree = "<group>";
		};
		F180D9D9209D9A480053A37B = {
			isa = PBXGroup;
			children = (
				F180DA00209D9BA70053A37B /* RAC */,
				F180D9E3209D9A480053A37B /* Products */,
				F6BE47D17307CEC5A775B459 /* Pods */,
				6A46A2B3D99BD4F71F7B8EA3 /* Frameworks */,
			);
			sourceTree = "<group>";
		};
		F180D9E3209D9A480053A37B /* Products */ = {
			isa = PBXGroup;
			children = (
				F180D9FF209D9BA70053A37B /* RAC.app */,
			);
			name = Products;
			sourceTree = "<group>";
		};
		F180DA00209D9BA70053A37B /* RAC */ = {
			isa = PBXGroup;
			children = (
				F180DA19209DAAAB0053A37B /* App */,
				F180DA15209DAA390053A37B /* Operator */,
			);
			path = RAC;
			sourceTree = "<group>";
		};
		F180DA15209DAA390053A37B /* Operator */ = {
			isa = PBXGroup;
			children = (
				F180DA16209DAA610053A37B /* RSRacOperations.h */,
				F180DA17209DAA610053A37B /* RSRacOperations.m */,
			);
			path = Operator;
			sourceTree = "<group>";
		};
		F180DA19209DAAAB0053A37B /* App */ = {
			isa = PBXGroup;
			children = (
				F180DA01209D9BA70053A37B /* AppDelegate.h */,
				F180DA02209D9BA70053A37B /* AppDelegate.m */,
				F180DA04209D9BA70053A37B /* ViewController.h */,
				F180DA05209D9BA70053A37B /* ViewController.m */,
				F180DA07209D9BA70053A37B /* Main.storyboard */,
				F180DA0A209D9BA80053A37B /* Assets.xcassets */,
				F180DA0C209D9BA80053A37B /* LaunchScreen.storyboard */,
				F180DA0F209D9BA80053A37B /* Info.plist */,
				F180DA10209D9BA80053A37B /* main.m */,
			);
			name = App;
			sourceTree = "<group>";
		};
		F6BE47D17307CEC5A775B459 /* Pods */ = {
			isa = PBXGroup;
			children = (
				F919520A2104E1D9EE22BD26 /* Pods-RAC.debug.xcconfig */,
				45D25013D9B5875A784C55A8 /* Pods-RAC.release.xcconfig */,
			);
			name = Pods;
			sourceTree = "<group>";
		};
/* End PBXGroup section */

/* Begin PBXNativeTarget section */
		F180D9FE209D9BA70053A37B /* RAC */ = {
			isa = PBXNativeTarget;
			buildConfigurationList = F180DA12209D9BA80053A37B /* Build configuration list for PBXNativeTarget "RAC" */;
			buildPhases = (
				9F8C79A452AFC7CA46393D8E /* [CP] Check Pods Manifest.lock */,
				F180D9FB209D9BA70053A37B /* Sources */,
				F180D9FC209D9BA70053A37B /* Frameworks */,
				F180D9FD209D9BA70053A37B /* Resources */,
				924A35EF8ABCF629E31A69C4 /* [CP] Embed Pods Frameworks */,
				76636E0A9ED14CEAAB09A9C1 /* [CP] Copy Pods Resources */,
			);
			buildRules = (
			);
			dependencies = (
			);
			name = RAC;
			productName = RAC;
			productReference = F180D9FF209D9BA70053A37B /* RAC.app */;
			productType = "com.apple.product-type.application";
		};
/* End PBXNativeTarget section */

/* Begin PBXProject section */
		F180D9DA209D9A480053A37B /* Project object */ = {
			isa = PBXProject;
			attributes = {
				LastUpgradeCheck = 0930;
				ORGANIZATIONNAME = charvel;
				TargetAttributes = {
					F180D9FE209D9BA70053A37B = {
						CreatedOnToolsVersion = 9.3;
						ProvisioningStyle = Automatic;
					};
				};
			};
			buildConfigurationList = F180D9DD209D9A480053A37B /* Build configuration list for PBXProject "Research" */;
			compatibilityVersion = "Xcode 8.0";
			developmentRegion = en;
			hasScannedForEncodings = 0;
			knownRegions = (
				en,
				Base,
			);
			mainGroup = F180D9D9209D9A480053A37B;
			productRefGroup = F180D9E3209D9A480053A37B /* Products */;
			projectDirPath = "";
			projectRoot = "";
			targets = (
				F180D9FE209D9BA70053A37B /* RAC */,
			);
		};
/* End PBXProject section */

/* Begin PBXResourcesBuildPhase section */
		F180D9FD209D9BA70053A37B /* Resources */ = {
			isa = PBXResourcesBuildPhase;
			buildActionMask = 2147483647;
			files = (
				F180DA0E209D9BA80053A37B /* LaunchScreen.storyboard in Resources */,
				F180DA0B209D9BA80053A37B /* Assets.xcassets in Resources */,
				F180DA09209D9BA70053A37B /* Main.storyboard in Resources */,
			);
			runOnlyForDeploymentPostprocessing = 0;
		};
/* End PBXResourcesBuildPhase section */

/* Begin PBXShellScriptBuildPhase section */
		76636E0A9ED14CEAAB09A9C1 /* [CP] Copy Pods Resources */ = {
			isa = PBXShellScriptBuildPhase;
			buildActionMask = 2147483647;
			files = (
			);
			inputPaths = (
			);
			name = "[CP] Copy Pods Resources";
			outputPaths = (
			);
			runOnlyForDeploymentPostprocessing = 0;
			shellPath = /bin/sh;
			shellScript = "\"${SRCROOT}/Pods/Target Support Files/Pods-RAC/Pods-RAC-resources.sh\"\n";
			showEnvVarsInLog = 0;
		};
		924A35EF8ABCF629E31A69C4 /* [CP] Embed Pods Frameworks */ = {
			isa = PBXShellScriptBuildPhase;
			buildActionMask = 2147483647;
			files = (
			);
			inputPaths = (
				"${SRCROOT}/Pods/Target Support Files/Pods-RAC/Pods-RAC-frameworks.sh",
				"${BUILT_PRODUCTS_DIR}/AFNetworking/AFNetworking.framework",
				"${BUILT_PRODUCTS_DIR}/RSReactiveObjC/RSReactiveObjC.framework",
			);
			name = "[CP] Embed Pods Frameworks";
			outputPaths = (
				"${TARGET_BUILD_DIR}/${FRAMEWORKS_FOLDER_PATH}/AFNetworking.framework",
				"${TARGET_BUILD_DIR}/${FRAMEWORKS_FOLDER_PATH}/RSReactiveObjC.framework",
			);
			runOnlyForDeploymentPostprocessing = 0;
			shellPath = /bin/sh;
			shellScript = "\"${SRCROOT}/Pods/Target Support Files/Pods-RAC/Pods-RAC-frameworks.sh\"\n";
			showEnvVarsInLog = 0;
		};
		9F8C79A452AFC7CA46393D8E /* [CP] Check Pods Manifest.lock */ = {
			isa = PBXShellScriptBuildPhase;
			buildActionMask = 2147483647;
			files = (
			);
			inputPaths = (
				"${PODS_PODFILE_DIR_PATH}/Podfile.lock",
				"${PODS_ROOT}/Manifest.lock",
			);
			name = "[CP] Check Pods Manifest.lock";
			outputPaths = (
				"$(DERIVED_FILE_DIR)/Pods-RAC-checkManifestLockResult.txt",
			);
			runOnlyForDeploymentPostprocessing = 0;
			shellPath = /bin/sh;
			shellScript = "diff \"${PODS_PODFILE_DIR_PATH}/Podfile.lock\" \"${PODS_ROOT}/Manifest.lock\" > /dev/null\nif [ $? != 0 ] ; then\n    # print error to STDERR\n    echo \"error: The sandbox is not in sync with the Podfile.lock. Run 'pod install' or update your CocoaPods installation.\" >&2\n    exit 1\nfi\n# This output is used by Xcode 'outputs' to avoid re-running this script phase.\necho \"SUCCESS\" > \"${SCRIPT_OUTPUT_FILE_0}\"\n";
			showEnvVarsInLog = 0;
		};
/* End PBXShellScriptBuildPhase section */

/* Begin PBXSourcesBuildPhase section */
		F180D9FB209D9BA70053A37B /* Sources */ = {
			isa = PBXSourcesBuildPhase;
			buildActionMask = 2147483647;
			files = (
				F180DA06209D9BA70053A37B /* ViewController.m in Sources */,
				F180DA11209D9BA80053A37B /* main.m in Sources */,
				F180DA18209DAA610053A37B /* RSRacOperations.m in Sources */,
				F180DA03209D9BA70053A37B /* AppDelegate.m in Sources */,
			);
			runOnlyForDeploymentPostprocessing = 0;
		};
/* End PBXSourcesBuildPhase section */

/* Begin PBXVariantGroup section */
		F180DA07209D9BA70053A37B /* Main.storyboard */ = {
			isa = PBXVariantGroup;
			children = (
				F180DA08209D9BA70053A37B /* Base */,
			);
			name = Main.storyboard;
			sourceTree = "<group>";
		};
		F180DA0C209D9BA80053A37B /* LaunchScreen.storyboard */ = {
			isa = PBXVariantGroup;
			children = (
				F180DA0D209D9BA80053A37B /* Base */,
			);
			name = LaunchScreen.storyboard;
			sourceTree = "<group>";
		};
/* End PBXVariantGroup section */

/* Begin XCBuildConfiguration section */
		F180D9F6209D9A4A0053A37B /* Debug */ = {
			isa = XCBuildConfiguration;
			buildSettings = {
				ALWAYS_SEARCH_USER_PATHS = NO;
				CLANG_ANALYZER_NONNULL = YES;
				CLANG_ANALYZER_NUMBER_OBJECT_CONVERSION = YES_AGGRESSIVE;
				CLANG_CXX_LANGUAGE_STANDARD = "gnu++14";
				CLANG_CXX_LIBRARY = "libc++";
				CLANG_ENABLE_MODULES = YES;
				CLANG_ENABLE_OBJC_ARC = YES;
				CLANG_ENABLE_OBJC_WEAK = YES;
				CLANG_WARN_BLOCK_CAPTURE_AUTORELEASING = YES;
				CLANG_WARN_BOOL_CONVERSION = YES;
				CLANG_WARN_COMMA = YES;
				CLANG_WARN_CONSTANT_CONVERSION = YES;
				CLANG_WARN_DEPRECATED_OBJC_IMPLEMENTATIONS = YES;
				CLANG_WARN_DIRECT_OBJC_ISA_USAGE = YES_ERROR;
				CLANG_WARN_DOCUMENTATION_COMMENTS = YES;
				CLANG_WARN_EMPTY_BODY = YES;
				CLANG_WARN_ENUM_CONVERSION = YES;
				CLANG_WARN_INFINITE_RECURSION = YES;
				CLANG_WARN_INT_CONVERSION = YES;
				CLANG_WARN_NON_LITERAL_NULL_CONVERSION = YES;
				CLANG_WARN_OBJC_IMPLICIT_RETAIN_SELF = YES;
				CLANG_WARN_OBJC_LITERAL_CONVERSION = YES;
				CLANG_WARN_OBJC_ROOT_CLASS = YES_ERROR;
				CLANG_WARN_RANGE_LOOP_ANALYSIS = YES;
				CLANG_WARN_STRICT_PROTOTYPES = YES;
				CLANG_WARN_SUSPICIOUS_MOVE = YES;
				CLANG_WARN_UNGUARDED_AVAILABILITY = YES_AGGRESSIVE;
				CLANG_WARN_UNREACHABLE_CODE = YES;
				CLANG_WARN__DUPLICATE_METHOD_MATCH = YES;
				CODE_SIGN_IDENTITY = "iPhone Developer";
				COPY_PHASE_STRIP = NO;
				DEBUG_INFORMATION_FORMAT = dwarf;
				ENABLE_STRICT_OBJC_MSGSEND = YES;
				ENABLE_TESTABILITY = YES;
				GCC_C_LANGUAGE_STANDARD = gnu11;
				GCC_DYNAMIC_NO_PIC = NO;
				GCC_NO_COMMON_BLOCKS = YES;
				GCC_OPTIMIZATION_LEVEL = 0;
				GCC_PREPROCESSOR_DEFINITIONS = (
					"DEBUG=1",
					"$(inherited)",
				);
				GCC_WARN_64_TO_32_BIT_CONVERSION = YES;
				GCC_WARN_ABOUT_RETURN_TYPE = YES_ERROR;
				GCC_WARN_UNDECLARED_SELECTOR = YES;
				GCC_WARN_UNINITIALIZED_AUTOS = YES_AGGRESSIVE;
				GCC_WARN_UNUSED_FUNCTION = YES;
				GCC_WARN_UNUSED_VARIABLE = YES;
				IPHONEOS_DEPLOYMENT_TARGET = 11.3;
				MTL_ENABLE_DEBUG_INFO = YES;
				ONLY_ACTIVE_ARCH = YES;
				SDKROOT = iphoneos;
			};
			name = Debug;
		};
		F180D9F7209D9A4A0053A37B /* Release */ = {
			isa = XCBuildConfiguration;
			buildSettings = {
				ALWAYS_SEARCH_USER_PATHS = NO;
				CLANG_ANALYZER_NONNULL = YES;
				CLANG_ANALYZER_NUMBER_OBJECT_CONVERSION = YES_AGGRESSIVE;
				CLANG_CXX_LANGUAGE_STANDARD = "gnu++14";
				CLANG_CXX_LIBRARY = "libc++";
				CLANG_ENABLE_MODULES = YES;
				CLANG_ENABLE_OBJC_ARC = YES;
				CLANG_ENABLE_OBJC_WEAK = YES;
				CLANG_WARN_BLOCK_CAPTURE_AUTORELEASING = YES;
				CLANG_WARN_BOOL_CONVERSION = YES;
				CLANG_WARN_COMMA = YES;
				CLANG_WARN_CONSTANT_CONVERSION = YES;
				CLANG_WARN_DEPRECATED_OBJC_IMPLEMENTATIONS = YES;
				CLANG_WARN_DIRECT_OBJC_ISA_USAGE = YES_ERROR;
				CLANG_WARN_DOCUMENTATION_COMMENTS = YES;
				CLANG_WARN_EMPTY_BODY = YES;
				CLANG_WARN_ENUM_CONVERSION = YES;
				CLANG_WARN_INFINITE_RECURSION = YES;
				CLANG_WARN_INT_CONVERSION = YES;
				CLANG_WARN_NON_LITERAL_NULL_CONVERSION = YES;
				CLANG_WARN_OBJC_IMPLICIT_RETAIN_SELF = YES;
				CLANG_WARN_OBJC_LITERAL_CONVERSION = YES;
				CLANG_WARN_OBJC_ROOT_CLASS = YES_ERROR;
				CLANG_WARN_RANGE_LOOP_ANALYSIS = YES;
				CLANG_WARN_STRICT_PROTOTYPES = YES;
				CLANG_WARN_SUSPICIOUS_MOVE = YES;
				CLANG_WARN_UNGUARDED_AVAILABILITY = YES_AGGRESSIVE;
				CLANG_WARN_UNREACHABLE_CODE = YES;
				CLANG_WARN__DUPLICATE_METHOD_MATCH = YES;
				CODE_SIGN_IDENTITY = "iPhone Developer";
				COPY_PHASE_STRIP = NO;
				DEBUG_INFORMATION_FORMAT = "dwarf-with-dsym";
				ENABLE_NS_ASSERTIONS = NO;
				ENABLE_STRICT_OBJC_MSGSEND = YES;
				GCC_C_LANGUAGE_STANDARD = gnu11;
				GCC_NO_COMMON_BLOCKS = YES;
				GCC_WARN_64_TO_32_BIT_CONVERSION = YES;
				GCC_WARN_ABOUT_RETURN_TYPE = YES_ERROR;
				GCC_WARN_UNDECLARED_SELECTOR = YES;
				GCC_WARN_UNINITIALIZED_AUTOS = YES_AGGRESSIVE;
				GCC_WARN_UNUSED_FUNCTION = YES;
				GCC_WARN_UNUSED_VARIABLE = YES;
				IPHONEOS_DEPLOYMENT_TARGET = 11.3;
				MTL_ENABLE_DEBUG_INFO = NO;
				SDKROOT = iphoneos;
				VALIDATE_PRODUCT = YES;
			};
			name = Release;
		};
		F180DA13209D9BA80053A37B /* Debug */ = {
			isa = XCBuildConfiguration;
			baseConfigurationReference = F919520A2104E1D9EE22BD26 /* Pods-RAC.debug.xcconfig */;
			buildSettings = {
				ASSETCATALOG_COMPILER_APPICON_NAME = AppIcon;
				CODE_SIGN_STYLE = Automatic;
				DEVELOPMENT_TEAM = FYW64YS999;
				INFOPLIST_FILE = RAC/Info.plist;
				LD_RUNPATH_SEARCH_PATHS = "$(inherited) @executable_path/Frameworks";
				PRODUCT_BUNDLE_IDENTIFIER = com.charvel.RAC;
				PRODUCT_NAME = "$(TARGET_NAME)";
				TARGETED_DEVICE_FAMILY = "1,2";
			};
			name = Debug;
		};
		F180DA14209D9BA80053A37B /* Release */ = {
			isa = XCBuildConfiguration;
			baseConfigurationReference = 45D25013D9B5875A784C55A8 /* Pods-RAC.release.xcconfig */;
			buildSettings = {
				ASSETCATALOG_COMPILER_APPICON_NAME = AppIcon;
				CODE_SIGN_STYLE = Automatic;
				DEVELOPMENT_TEAM = FYW64YS999;
				INFOPLIST_FILE = RAC/Info.plist;
				LD_RUNPATH_SEARCH_PATHS = "$(inherited) @executable_path/Frameworks";
				PRODUCT_BUNDLE_IDENTIFIER = com.charvel.RAC;
				PRODUCT_NAME = "$(TARGET_NAME)";
				TARGETED_DEVICE_FAMILY = "1,2";
			};
			name = Release;
		};
/* End XCBuildConfiguration section */

/* Begin XCConfigurationList section */
		F180D9DD209D9A480053A37B /* Build configuration list for PBXProject "Research" */ = {
			isa = XCConfigurationList;
			buildConfigurations = (
				F180D9F6209D9A4A0053A37B /* Debug */,
				F180D9F7209D9A4A0053A37B /* Release */,
			);
			defaultConfigurationIsVisible = 0;
			defaultConfigurationName = Release;
		};
		F180DA12209D9BA80053A37B /* Build configuration list for PBXNativeTarget "RAC" */ = {
			isa = XCConfigurationList;
			buildConfigurations = (
				F180DA13209D9BA80053A37B /* Debug */,
				F180DA14209D9BA80053A37B /* Release */,
			);
			defaultConfigurationIsVisible = 0;
			defaultConfigurationName = Release;
		};
/* End XCConfigurationList section */
	};
	rootObject = F180D9DA209D9A480053A37B /* Project object */;
}
